// !$*UTF8*$!
{
	archiveVersion = 1;
	classes = {
	};
	objectVersion = 46;
	objects = {

/* Begin PBXBuildFile section */
		08A4014D1E9661DC00A9E089 /* AppDelegate.m in Sources */ = {isa = PBXBuildFile; fileRef = 08A4014C1E9661DC00A9E089 /* AppDelegate.m */; };
		08A401631E9661DC00A9E089 /* YWAutoLayoutDemoTests.m in Sources */ = {isa = PBXBuildFile; fileRef = 08A401621E9661DC00A9E089 /* YWAutoLayoutDemoTests.m */; };
		08A4016E1E9661DC00A9E089 /* YWAutoLayoutDemoUITests.m in Sources */ = {isa = PBXBuildFile; fileRef = 08A4016D1E9661DC00A9E089 /* YWAutoLayoutDemoUITests.m */; };
		08A401841E96626E00A9E089 /* Assets.xcassets in Resources */ = {isa = PBXBuildFile; fileRef = 08A4017D1E96626E00A9E089 /* Assets.xcassets */; };
		08A401851E96626E00A9E089 /* LaunchScreen.storyboard in Resources */ = {isa = PBXBuildFile; fileRef = 08A4017F1E96626E00A9E089 /* LaunchScreen.storyboard */; };
		08A401861E96626E00A9E089 /* Main.storyboard in Resources */ = {isa = PBXBuildFile; fileRef = 08A401811E96626E00A9E089 /* Main.storyboard */; };
		08A401871E96626E00A9E089 /* main.m in Sources */ = {isa = PBXBuildFile; fileRef = 08A401831E96626E00A9E089 /* main.m */; };
		08A401891E9662D800A9E089 /* Info.plist in Resources */ = {isa = PBXBuildFile; fileRef = 08A401881E9662D800A9E089 /* Info.plist */; };
		08A4018D1E9663A900A9E089 /* CommonViewController.m in Sources */ = {isa = PBXBuildFile; fileRef = 08A4018C1E9663A900A9E089 /* CommonViewController.m */; };
		08A401941E96640600A9E089 /* HomeViewController.m in Sources */ = {isa = PBXBuildFile; fileRef = 08A401931E96640600A9E089 /* HomeViewController.m */; };
		08A401981E96949600A9E089 /* AutoLayoutObject.m in Sources */ = {isa = PBXBuildFile; fileRef = 08A401971E96949600A9E089 /* AutoLayoutObject.m */; };
		08A4019B1E969C9300A9E089 /* UIView+AutoLayoutAttribute.m in Sources */ = {isa = PBXBuildFile; fileRef = 08A4019A1E969C9300A9E089 /* UIView+AutoLayoutAttribute.m */; };
		08A401A21E96AA6700A9E089 /* 01.png in Resources */ = {isa = PBXBuildFile; fileRef = 08A401A11E96AA6700A9E089 /* 01.png */; };
/* End PBXBuildFile section */

/* Begin PBXContainerItemProxy section */
		08A4015F1E9661DC00A9E089 /* PBXContainerItemProxy */ = {
			isa = PBXContainerItemProxy;
			containerPortal = 08A4013D1E9661DC00A9E089 /* Project object */;
			proxyType = 1;
			remoteGlobalIDString = 08A401441E9661DC00A9E089;
			remoteInfo = YWAutoLayoutDemo;
		};
		08A4016A1E9661DC00A9E089 /* PBXContainerItemProxy */ = {
			isa = PBXContainerItemProxy;
			containerPortal = 08A4013D1E9661DC00A9E089 /* Project object */;
			proxyType = 1;
			remoteGlobalIDString = 08A401441E9661DC00A9E089;
			remoteInfo = YWAutoLayoutDemo;
		};
/* End PBXContainerItemProxy section */

/* Begin PBXFileReference section */
		08A401451E9661DC00A9E089 /* YWAutoLayoutDemo.app */ = {isa = PBXFileReference; explicitFileType = wrapper.application; includeInIndex = 0; path = YWAutoLayoutDemo.app; sourceTree = BUILT_PRODUCTS_DIR; };
		08A4014B1E9661DC00A9E089 /* AppDelegate.h */ = {isa = PBXFileReference; lastKnownFileType = sourcecode.c.h; path = AppDelegate.h; sourceTree = "<group>"; };
		08A4014C1E9661DC00A9E089 /* AppDelegate.m */ = {isa = PBXFileReference; lastKnownFileType = sourcecode.c.objc; path = AppDelegate.m; sourceTree = "<group>"; };
		08A4015E1E9661DC00A9E089 /* YWAutoLayoutDemoTests.xctest */ = {isa = PBXFileReference; explicitFileType = wrapper.cfbundle; includeInIndex = 0; path = YWAutoLayoutDemoTests.xctest; sourceTree = BUILT_PRODUCTS_DIR; };
		08A401621E9661DC00A9E089 /* YWAutoLayoutDemoTests.m */ = {isa = PBXFileReference; lastKnownFileType = sourcecode.c.objc; path = YWAutoLayoutDemoTests.m; sourceTree = "<group>"; };
		08A401641E9661DC00A9E089 /* Info.plist */ = {isa = PBXFileReference; lastKnownFileType = text.plist.xml; path = Info.plist; sourceTree = "<group>"; };
		08A401691E9661DC00A9E089 /* YWAutoLayoutDemoUITests.xctest */ = {isa = PBXFileReference; explicitFileType = wrapper.cfbundle; includeInIndex = 0; path = YWAutoLayoutDemoUITests.xctest; sourceTree = BUILT_PRODUCTS_DIR; };
		08A4016D1E9661DC00A9E089 /* YWAutoLayoutDemoUITests.m */ = {isa = PBXFileReference; lastKnownFileType = sourcecode.c.objc; path = YWAutoLayoutDemoUITests.m; sourceTree = "<group>"; };
		08A4016F1E9661DC00A9E089 /* Info.plist */ = {isa = PBXFileReference; lastKnownFileType = text.plist.xml; path = Info.plist; sourceTree = "<group>"; };
		08A4017D1E96626E00A9E089 /* Assets.xcassets */ = {isa = PBXFileReference; lastKnownFileType = folder.assetcatalog; name = Assets.xcassets; path = "Supporting Files/Assets.xcassets"; sourceTree = "<group>"; };
		08A401801E96626E00A9E089 /* Base */ = {isa = PBXFileReference; lastKnownFileType = file.storyboard; name = Base; path = LaunchScreen.storyboard; sourceTree = "<group>"; };
		08A401821E96626E00A9E089 /* Base */ = {isa = PBXFileReference; lastKnownFileType = file.storyboard; name = Base; path = Main.storyboard; sourceTree = "<group>"; };
		08A401831E96626E00A9E089 /* main.m */ = {isa = PBXFileReference; fileEncoding = 4; lastKnownFileType = sourcecode.c.objc; name = main.m; path = "Supporting Files/main.m"; sourceTree = "<group>"; };
		08A401881E9662D800A9E089 /* Info.plist */ = {isa = PBXFileReference; fileEncoding = 4; lastKnownFileType = text.plist.xml; name = Info.plist; path = "Supporting Files/Info.plist"; sourceTree = "<group>"; };
		08A4018B1E9663A900A9E089 /* CommonViewController.h */ = {isa = PBXFileReference; fileEncoding = 4; lastKnownFileType = sourcecode.c.h; path = CommonViewController.h; sourceTree = "<group>"; };
		08A4018C1E9663A900A9E089 /* CommonViewController.m */ = {isa = PBXFileReference; fileEncoding = 4; lastKnownFileType = sourcecode.c.objc; path = CommonViewController.m; sourceTree = "<group>"; };
		08A401921E96640600A9E089 /* HomeViewController.h */ = {isa = PBXFileReference; fileEncoding = 4; lastKnownFileType = sourcecode.c.h; path = HomeViewController.h; sourceTree = "<group>"; };
		08A401931E96640600A9E089 /* HomeViewController.m */ = {isa = PBXFileReference; fileEncoding = 4; lastKnownFileType = sourcecode.c.objc; path = HomeViewController.m; sourceTree = "<group>"; };
		08A401961E96949600A9E089 /* AutoLayoutObject.h */ = {isa = PBXFileReference; fileEncoding = 4; lastKnownFileType = sourcecode.c.h; path = AutoLayoutObject.h; sourceTree = "<group>"; };
		08A401971E96949600A9E089 /* AutoLayoutObject.m */ = {isa = PBXFileReference; fileEncoding = 4; lastKnownFileType = sourcecode.c.objc; path = AutoLayoutObject.m; sourceTree = "<group>"; };
		08A401991E969C9300A9E089 /* UIView+AutoLayoutAttribute.h */ = {isa = PBXFileReference; fileEncoding = 4; lastKnownFileType = sourcecode.c.h; path = "UIView+AutoLayoutAttribute.h"; sourceTree = "<group>"; };
		08A4019A1E969C9300A9E089 /* UIView+AutoLayoutAttribute.m */ = {isa = PBXFileReference; fileEncoding = 4; lastKnownFileType = sourcecode.c.objc; path = "UIView+AutoLayoutAttribute.m"; sourceTree = "<group>"; };
		08A4019F1E96A88F00A9E089 /* YWAutoLayout.h */ = {isa = PBXFileReference; lastKnownFileType = sourcecode.c.h; path = YWAutoLayout.h; sourceTree = "<group>"; };
		08A401A11E96AA6700A9E089 /* 01.png */ = {isa = PBXFileReference; lastKnownFileType = image.png; path = 01.png; sourceTree = "<group>"; };
/* End PBXFileReference section */

/* Begin PBXFrameworksBuildPhase section */
		08A401421E9661DC00A9E089 /* Frameworks */ = {
			isa = PBXFrameworksBuildPhase;
			buildActionMask = 2147483647;
			files = (
			);
			runOnlyForDeploymentPostprocessing = 0;
		};
		08A4015B1E9661DC00A9E089 /* Frameworks */ = {
			isa = PBXFrameworksBuildPhase;
			buildActionMask = 2147483647;
			files = (
			);
			runOnlyForDeploymentPostprocessing = 0;
		};
		08A401661E9661DC00A9E089 /* Frameworks */ = {
			isa = PBXFrameworksBuildPhase;
			buildActionMask = 2147483647;
			files = (
			);
			runOnlyForDeploymentPostprocessing = 0;
		};
/* End PBXFrameworksBuildPhase section */

/* Begin PBXGroup section */
		08A4013C1E9661DC00A9E089 = {
			isa = PBXGroup;
			children = (
				08A401471E9661DC00A9E089 /* YWAutoLayoutDemo */,
				08A401611E9661DC00A9E089 /* YWAutoLayoutDemoTests */,
				08A4016C1E9661DC00A9E089 /* YWAutoLayoutDemoUITests */,
				08A401461E9661DC00A9E089 /* Products */,
			);
			sourceTree = "<group>";
		};
		08A401461E9661DC00A9E089 /* Products */ = {
			isa = PBXGroup;
			children = (
				08A401451E9661DC00A9E089 /* YWAutoLayoutDemo.app */,
				08A4015E1E9661DC00A9E089 /* YWAutoLayoutDemoTests.xctest */,
				08A401691E9661DC00A9E089 /* YWAutoLayoutDemoUITests.xctest */,
			);
			name = Products;
			sourceTree = "<group>";
		};
		08A401471E9661DC00A9E089 /* YWAutoLayoutDemo */ = {
			isa = PBXGroup;
			children = (
				08A4017B1E96620C00A9E089 /* Function */,
				08A4017C1E96620C00A9E089 /* Public */,
				08A4014B1E9661DC00A9E089 /* AppDelegate.h */,
				08A4014C1E9661DC00A9E089 /* AppDelegate.m */,
				08A401481E9661DC00A9E089 /* Supporting Files */,
			);
			path = YWAutoLayoutDemo;
			sourceTree = "<group>";
		};
		08A401481E9661DC00A9E089 /* Supporting Files */ = {
			isa = PBXGroup;
			children = (
				08A401881E9662D800A9E089 /* Info.plist */,
				08A4017D1E96626E00A9E089 /* Assets.xcassets */,
				08A4017E1E96626E00A9E089 /* Base.lproj */,
				08A401831E96626E00A9E089 /* main.m */,
			);
			name = "Supporting Files";
			sourceTree = "<group>";
		};
		08A401611E9661DC00A9E089 /* YWAutoLayoutDemoTests */ = {
			isa = PBXGroup;
			children = (
				08A401621E9661DC00A9E089 /* YWAutoLayoutDemoTests.m */,
				08A401641E9661DC00A9E089 /* Info.plist */,
			);
			path = YWAutoLayoutDemoTests;
			sourceTree = "<group>";
		};
		08A4016C1E9661DC00A9E089 /* YWAutoLayoutDemoUITests */ = {
			isa = PBXGroup;
			children = (
				08A4016D1E9661DC00A9E089 /* YWAutoLayoutDemoUITests.m */,
				08A4016F1E9661DC00A9E089 /* Info.plist */,
			);
			path = YWAutoLayoutDemoUITests;
			sourceTree = "<group>";
		};
		08A4017B1E96620C00A9E089 /* Function */ = {
			isa = PBXGroup;
			children = (
				08A4018E1E9663DB00A9E089 /* Home */,
			);
			path = Function;
			sourceTree = "<group>";
		};
		08A4017C1E96620C00A9E089 /* Public */ = {
			isa = PBXGroup;
			children = (
				08A401951E96667400A9E089 /* PublicFunction */,
				08A4018A1E9663A900A9E089 /* PublicCommon */,
			);
			path = Public;
			sourceTree = "<group>";
		};
		08A4017E1E96626E00A9E089 /* Base.lproj */ = {
			isa = PBXGroup;
			children = (
				08A4017F1E96626E00A9E089 /* LaunchScreen.storyboard */,
				08A401811E96626E00A9E089 /* Main.storyboard */,
			);
			name = Base.lproj;
			path = "Supporting Files/Base.lproj";
			sourceTree = "<group>";
		};
		08A4018A1E9663A900A9E089 /* PublicCommon */ = {
			isa = PBXGroup;
			children = (
				08A4018B1E9663A900A9E089 /* CommonViewController.h */,
				08A4018C1E9663A900A9E089 /* CommonViewController.m */,
			);
			path = PublicCommon;
			sourceTree = "<group>";
		};
		08A4018E1E9663DB00A9E089 /* Home */ = {
			isa = PBXGroup;
			children = (
				08A401A01E96AA5D00A9E089 /* RHome */,
				08A4018F1E9663DB00A9E089 /* CHome */,
				08A401901E9663DB00A9E089 /* MHome */,
				08A401911E9663DB00A9E089 /* VHome */,
			);
			path = Home;
			sourceTree = "<group>";
		};
		08A4018F1E9663DB00A9E089 /* CHome */ = {
			isa = PBXGroup;
			children = (
				08A401921E96640600A9E089 /* HomeViewController.h */,
				08A401931E96640600A9E089 /* HomeViewController.m */,
			);
			path = CHome;
			sourceTree = "<group>";
		};
		08A401901E9663DB00A9E089 /* MHome */ = {
			isa = PBXGroup;
			children = (
			);
			path = MHome;
			sourceTree = "<group>";
		};
		08A401911E9663DB00A9E089 /* VHome */ = {
			isa = PBXGroup;
			children = (
			);
			path = VHome;
			sourceTree = "<group>";
		};
		08A401951E96667400A9E089 /* PublicFunction */ = {
			isa = PBXGroup;
			children = (
				08A401961E96949600A9E089 /* AutoLayoutObject.h */,
				08A401971E96949600A9E089 /* AutoLayoutObject.m */,
				08A401991E969C9300A9E089 /* UIView+AutoLayoutAttribute.h */,
				08A4019A1E969C9300A9E089 /* UIView+AutoLayoutAttribute.m */,
				08A4019F1E96A88F00A9E089 /* YWAutoLayout.h */,
			);
			path = PublicFunction;
			sourceTree = "<group>";
		};
		08A401A01E96AA5D00A9E089 /* RHome */ = {
			isa = PBXGroup;
			children = (
				08A401A11E96AA6700A9E089 /* 01.png */,
			);
			path = RHome;
			sourceTree = "<group>";
		};
/* End PBXGroup section */

/* Begin PBXNativeTarget section */
		08A401441E9661DC00A9E089 /* YWAutoLayoutDemo */ = {
			isa = PBXNativeTarget;
			buildConfigurationList = 08A401721E9661DC00A9E089 /* Build configuration list for PBXNativeTarget "YWAutoLayoutDemo" */;
			buildPhases = (
				08A401411E9661DC00A9E089 /* Sources */,
				08A401421E9661DC00A9E089 /* Frameworks */,
				08A401431E9661DC00A9E089 /* Resources */,
			);
			buildRules = (
			);
			dependencies = (
			);
			name = YWAutoLayoutDemo;
			productName = YWAutoLayoutDemo;
			productReference = 08A401451E9661DC00A9E089 /* YWAutoLayoutDemo.app */;
			productType = "com.apple.product-type.application";
		};
		08A4015D1E9661DC00A9E089 /* YWAutoLayoutDemoTests */ = {
			isa = PBXNativeTarget;
			buildConfigurationList = 08A401751E9661DC00A9E089 /* Build configuration list for PBXNativeTarget "YWAutoLayoutDemoTests" */;
			buildPhases = (
				08A4015A1E9661DC00A9E089 /* Sources */,
				08A4015B1E9661DC00A9E089 /* Frameworks */,
				08A4015C1E9661DC00A9E089 /* Resources */,
			);
			buildRules = (
			);
			dependencies = (
				08A401601E9661DC00A9E089 /* PBXTargetDependency */,
			);
			name = YWAutoLayoutDemoTests;
			productName = YWAutoLayoutDemoTests;
			productReference = 08A4015E1E9661DC00A9E089 /* YWAutoLayoutDemoTests.xctest */;
			productType = "com.apple.product-type.bundle.unit-test";
		};
		08A401681E9661DC00A9E089 /* YWAutoLayoutDemoUITests */ = {
			isa = PBXNativeTarget;
			buildConfigurationList = 08A401781E9661DC00A9E089 /* Build configuration list for PBXNativeTarget "YWAutoLayoutDemoUITests" */;
			buildPhases = (
				08A401651E9661DC00A9E089 /* Sources */,
				08A401661E9661DC00A9E089 /* Frameworks */,
				08A401671E9661DC00A9E089 /* Resources */,
			);
			buildRules = (
			);
			dependencies = (
				08A4016B1E9661DC00A9E089 /* PBXTargetDependency */,
			);
			name = YWAutoLayoutDemoUITests;
			productName = YWAutoLayoutDemoUITests;
			productReference = 08A401691E9661DC00A9E089 /* YWAutoLayoutDemoUITests.xctest */;
			productType = "com.apple.product-type.bundle.ui-testing";
		};
/* End PBXNativeTarget section */

/* Begin PBXProject section */
		08A4013D1E9661DC00A9E089 /* Project object */ = {
			isa = PBXProject;
			attributes = {
				LastUpgradeCheck = 0810;
				ORGANIZATIONNAME = wyw;
				TargetAttributes = {
					08A401441E9661DC00A9E089 = {
						CreatedOnToolsVersion = 8.1;
						ProvisioningStyle = Automatic;
					};
					08A4015D1E9661DC00A9E089 = {
						CreatedOnToolsVersion = 8.1;
						ProvisioningStyle = Automatic;
						TestTargetID = 08A401441E9661DC00A9E089;
					};
					08A401681E9661DC00A9E089 = {
						CreatedOnToolsVersion = 8.1;
						ProvisioningStyle = Automatic;
						TestTargetID = 08A401441E9661DC00A9E089;
					};
				};
			};
			buildConfigurationList = 08A401401E9661DC00A9E089 /* Build configuration list for PBXProject "YWAutoLayoutDemo" */;
			compatibilityVersion = "Xcode 3.2";
			developmentRegion = English;
			hasScannedForEncodings = 0;
			knownRegions = (
				en,
				Base,
			);
			mainGroup = 08A4013C1E9661DC00A9E089;
			productRefGroup = 08A401461E9661DC00A9E089 /* Products */;
			projectDirPath = "";
			projectRoot = "";
			targets = (
				08A401441E9661DC00A9E089 /* YWAutoLayoutDemo */,
				08A4015D1E9661DC00A9E089 /* YWAutoLayoutDemoTests */,
				08A401681E9661DC00A9E089 /* YWAutoLayoutDemoUITests */,
			);
		};
/* End PBXProject section */

/* Begin PBXResourcesBuildPhase section */
		08A401431E9661DC00A9E089 /* Resources */ = {
			isa = PBXResourcesBuildPhase;
			buildActionMask = 2147483647;
			files = (
				08A401A21E96AA6700A9E089 /* 01.png in Resources */,
				08A401891E9662D800A9E089 /* Info.plist in Resources */,
				08A401861E96626E00A9E089 /* Main.storyboard in Resources */,
				08A401851E96626E00A9E089 /* LaunchScreen.storyboard in Resources */,
				08A401841E96626E00A9E089 /* Assets.xcassets in Resources */,
			);
			runOnlyForDeploymentPostprocessing = 0;
		};
		08A4015C1E9661DC00A9E089 /* Resources */ = {
			isa = PBXResourcesBuildPhase;
			buildActionMask = 2147483647;
			files = (
			);
			runOnlyForDeploymentPostprocessing = 0;
		};
		08A401671E9661DC00A9E089 /* Resources */ = {
			isa = PBXResourcesBuildPhase;
			buildActionMask = 2147483647;
			files = (
			);
			runOnlyForDeploymentPostprocessing = 0;
		};
/* End PBXResourcesBuildPhase section */

/* Begin PBXSourcesBuildPhase section */
		08A401411E9661DC00A9E089 /* Sources */ = {
			isa = PBXSourcesBuildPhase;
			buildActionMask = 2147483647;
			files = (
				08A401871E96626E00A9E089 /* main.m in Sources */,
				08A4014D1E9661DC00A9E089 /* AppDelegate.m in Sources */,
				08A4018D1E9663A900A9E089 /* CommonViewController.m in Sources */,
				08A401941E96640600A9E089 /* HomeViewController.m in Sources */,
				08A4019B1E969C9300A9E089 /* UIView+AutoLayoutAttribute.m in Sources */,
				08A401981E96949600A9E089 /* AutoLayoutObject.m in Sources */,
			);
			runOnlyForDeploymentPostprocessing = 0;
		};
		08A4015A1E9661DC00A9E089 /* Sources */ = {
			isa = PBXSourcesBuildPhase;
			buildActionMask = 2147483647;
			files = (
				08A401631E9661DC00A9E089 /* YWAutoLayoutDemoTests.m in Sources */,
			);
			runOnlyForDeploymentPostprocessing = 0;
		};
		08A401651E9661DC00A9E089 /* Sources */ = {
			isa = PBXSourcesBuildPhase;
			buildActionMask = 2147483647;
			files = (
				08A4016E1E9661DC00A9E089 /* YWAutoLayoutDemoUITests.m in Sources */,
			);
			runOnlyForDeploymentPostprocessing = 0;
		};
/* End PBXSourcesBuildPhase section */

/* Begin PBXTargetDependency section */
		08A401601E9661DC00A9E089 /* PBXTargetDependency */ = {
			isa = PBXTargetDependency;
			target = 08A401441E9661DC00A9E089 /* YWAutoLayoutDemo */;
			targetProxy = 08A4015F1E9661DC00A9E089 /* PBXContainerItemProxy */;
		};
		08A4016B1E9661DC00A9E089 /* PBXTargetDependency */ = {
			isa = PBXTargetDependency;
			target = 08A401441E9661DC00A9E089 /* YWAutoLayoutDemo */;
			targetProxy = 08A4016A1E9661DC00A9E089 /* PBXContainerItemProxy */;
		};
/* End PBXTargetDependency section */

/* Begin PBXVariantGroup section */
		08A4017F1E96626E00A9E089 /* LaunchScreen.storyboard */ = {
			isa = PBXVariantGroup;
			children = (
				08A401801E96626E00A9E089 /* Base */,
			);
			name = LaunchScreen.storyboard;
			sourceTree = "<group>";
		};
		08A401811E96626E00A9E089 /* Main.storyboard */ = {
			isa = PBXVariantGroup;
			children = (
				08A401821E96626E00A9E089 /* Base */,
			);
			name = Main.storyboard;
			sourceTree = "<group>";
		};
/* End PBXVariantGroup section */

/* Begin XCBuildConfiguration section */
		08A401701E9661DC00A9E089 /* Debug */ = {
			isa = XCBuildConfiguration;
			buildSettings = {
				ALWAYS_SEARCH_USER_PATHS = NO;
				CLANG_ANALYZER_NONNULL = YES;
				CLANG_CXX_LANGUAGE_STANDARD = "gnu++0x";
				CLANG_CXX_LIBRARY = "libc++";
				CLANG_ENABLE_MODULES = YES;
				CLANG_ENABLE_OBJC_ARC = YES;
				CLANG_WARN_BOOL_CONVERSION = YES;
				CLANG_WARN_CONSTANT_CONVERSION = YES;
				CLANG_WARN_DIRECT_OBJC_ISA_USAGE = YES_ERROR;
				CLANG_WARN_DOCUMENTATION_COMMENTS = YES;
				CLANG_WARN_EMPTY_BODY = YES;
				CLANG_WARN_ENUM_CONVERSION = YES;
				CLANG_WARN_INFINITE_RECURSION = YES;
				CLANG_WARN_INT_CONVERSION = YES;
				CLANG_WARN_OBJC_ROOT_CLASS = YES_ERROR;
				CLANG_WARN_SUSPICIOUS_MOVES = YES;
				CLANG_WARN_UNREACHABLE_CODE = YES;
				CLANG_WARN__DUPLICATE_METHOD_MATCH = YES;
				"CODE_SIGN_IDENTITY[sdk=iphoneos*]" = "iPhone Developer";
				COPY_PHASE_STRIP = NO;
				DEBUG_INFORMATION_FORMAT = dwarf;
				ENABLE_STRICT_OBJC_MSGSEND = YES;
				ENABLE_TESTABILITY = YES;
				GCC_C_LANGUAGE_STANDARD = gnu99;
				GCC_DYNAMIC_NO_PIC = NO;
				GCC_NO_COMMON_BLOCKS = YES;
				GCC_OPTIMIZATION_LEVEL = 0;
				GCC_PREPROCESSOR_DEFINITIONS = (
					"DEBUG=1",
					"$(inherited)",
				);
				GCC_WARN_64_TO_32_BIT_CONVERSION = YES;
				GCC_WARN_ABOUT_RETURN_TYPE = YES_ERROR;
				GCC_WARN_UNDECLARED_SELECTOR = YES;
				GCC_WARN_UNINITIALIZED_AUTOS = YES_AGGRESSIVE;
				GCC_WARN_UNUSED_FUNCTION = YES;
				GCC_WARN_UNUSED_VARIABLE = YES;
				IPHONEOS_DEPLOYMENT_TARGET = 10.1;
				MTL_ENABLE_DEBUG_INFO = YES;
				ONLY_ACTIVE_ARCH = YES;
				SDKROOT = iphoneos;
			};
			name = Debug;
		};
		08A401711E9661DC00A9E089 /* Release */ = {
			isa = XCBuildConfiguration;
			buildSettings = {
				ALWAYS_SEARCH_USER_PATHS = NO;
				CLANG_ANALYZER_NONNULL = YES;
				CLANG_CXX_LANGUAGE_STANDARD = "gnu++0x";
				CLANG_CXX_LIBRARY = "libc++";
				CLANG_ENABLE_MODULES = YES;
				CLANG_ENABLE_OBJC_ARC = YES;
				CLANG_WARN_BOOL_CONVERSION = YES;
				CLANG_WARN_CONSTANT_CONVERSION = YES;
				CLANG_WARN_DIRECT_OBJC_ISA_USAGE = YES_ERROR;
				CLANG_WARN_DOCUMENTATION_COMMENTS = YES;
				CLANG_WARN_EMPTY_BODY = YES;
				CLANG_WARN_ENUM_CONVERSION = YES;
				CLANG_WARN_INFINITE_RECURSION = YES;
				CLANG_WARN_INT_CONVERSION = YES;
				CLANG_WARN_OBJC_ROOT_CLASS = YES_ERROR;
				CLANG_WARN_SUSPICIOUS_MOVES = YES;
				CLANG_WARN_UNREACHABLE_CODE = YES;
				CLANG_WARN__DUPLICATE_METHOD_MATCH = YES;
				"CODE_SIGN_IDENTITY[sdk=iphoneos*]" = "iPhone Developer";
				COPY_PHASE_STRIP = NO;
				DEBUG_INFORMATION_FORMAT = "dwarf-with-dsym";
				ENABLE_NS_ASSERTIONS = NO;
				ENABLE_STRICT_OBJC_MSGSEND = YES;
				GCC_C_LANGUAGE_STANDARD = gnu99;
				GCC_NO_COMMON_BLOCKS = YES;
				GCC_WARN_64_TO_32_BIT_CONVERSION = YES;
				GCC_WARN_ABOUT_RETURN_TYPE = YES_ERROR;
				GCC_WARN_UNDECLARED_SELECTOR = YES;
				GCC_WARN_UNINITIALIZED_AUTOS = YES_AGGRESSIVE;
				GCC_WARN_UNUSED_FUNCTION = YES;
				GCC_WARN_UNUSED_VARIABLE = YES;
				IPHONEOS_DEPLOYMENT_TARGET = 10.1;
				MTL_ENABLE_DEBUG_INFO = NO;
				SDKROOT = iphoneos;
				VALIDATE_PRODUCT = YES;
			};
			name = Release;
		};
		08A401731E9661DC00A9E089 /* Debug */ = {
			isa = XCBuildConfiguration;
			buildSettings = {
				ASSETCATALOG_COMPILER_APPICON_NAME = AppIcon;
				INFOPLIST_FILE = "YWAutoLayoutDemo/Supporting Files/Info.plist";
				LD_RUNPATH_SEARCH_PATHS = "$(inherited) @executable_path/Frameworks";
				PRODUCT_BUNDLE_IDENTIFIER = wyw.YWAutoLayoutDemo;
				PRODUCT_NAME = "$(TARGET_NAME)";
			};
			name = Debug;
		};
		08A401741E9661DC00A9E089 /* Release */ = {
			isa = XCBuildConfiguration;
			buildSettings = {
				ASSETCATALOG_COMPILER_APPICON_NAME = AppIcon;
				INFOPLIST_FILE = "YWAutoLayoutDemo/Supporting Files/Info.plist";
				LD_RUNPATH_SEARCH_PATHS = "$(inherited) @executable_path/Frameworks";
				PRODUCT_BUNDLE_IDENTIFIER = wyw.YWAutoLayoutDemo;
				PRODUCT_NAME = "$(TARGET_NAME)";
			};
			name = Release;
		};
		08A401761E9661DC00A9E089 /* Debug */ = {
			isa = XCBuildConfiguration;
			buildSettings = {
				BUNDLE_LOADER = "$(TEST_HOST)";
				INFOPLIST_FILE = YWAutoLayoutDemoTests/Info.plist;
				LD_RUNPATH_SEARCH_PATHS = "$(inherited) @executable_path/Frameworks @loader_path/Frameworks";
				PRODUCT_BUNDLE_IDENTIFIER = wyw.YWAutoLayoutDemoTests;
				PRODUCT_NAME = "$(TARGET_NAME)";
				TEST_HOST = "$(BUILT_PRODUCTS_DIR)/YWAutoLayoutDemo.app/YWAutoLayoutDemo";
			};
			name = Debug;
		};
		08A401771E9661DC00A9E089 /* Release */ = {
			isa = XCBuildConfiguration;
			buildSettings = {
				BUNDLE_LOADER = "$(TEST_HOST)";
				INFOPLIST_FILE = YWAutoLayoutDemoTests/Info.plist;
				LD_RUNPATH_SEARCH_PATHS = "$(inherited) @executable_path/Frameworks @loader_path/Frameworks";
				PRODUCT_BUNDLE_IDENTIFIER = wyw.YWAutoLayoutDemoTests;
				PRODUCT_NAME = "$(TARGET_NAME)";
				TEST_HOST = "$(BUILT_PRODUCTS_DIR)/YWAutoLayoutDemo.app/YWAutoLayoutDemo";
			};
			name = Release;
		};
		08A401791E9661DC00A9E089 /* Debug */ = {
			isa = XCBuildConfiguration;
			buildSettings = {
				INFOPLIST_FILE = YWAutoLayoutDemoUITests/Info.plist;
				LD_RUNPATH_SEARCH_PATHS = "$(inherited) @executable_path/Frameworks @loader_path/Frameworks";
				PRODUCT_BUNDLE_IDENTIFIER = wyw.YWAutoLayoutDemoUITests;
				PRODUCT_NAME = "$(TARGET_NAME)";
				TEST_TARGET_NAME = YWAutoLayoutDemo;
			};
			name = Debug;
		};
		08A4017A1E9661DC00A9E089 /* Release */ = {
			isa = XCBuildConfiguration;
			buildSettings = {
				INFOPLIST_FILE = YWAutoLayoutDemoUITests/Info.plist;
				LD_RUNPATH_SEARCH_PATHS = "$(inherited) @executable_path/Frameworks @loader_path/Frameworks";
				PRODUCT_BUNDLE_IDENTIFIER = wyw.YWAutoLayoutDemoUITests;
				PRODUCT_NAME = "$(TARGET_NAME)";
				TEST_TARGET_NAME = YWAutoLayoutDemo;
			};
			name = Release;
		};
/* End XCBuildConfiguration section */

/* Begin XCConfigurationList section */
		08A401401E9661DC00A9E089 /* Build configuration list for PBXProject "YWAutoLayoutDemo" */ = {
			isa = XCConfigurationList;
			buildConfigurations = (
				08A401701E9661DC00A9E089 /* Debug */,
				08A401711E9661DC00A9E089 /* Release */,
			);
			defaultConfigurationIsVisible = 0;
			defaultConfigurationName = Release;
		};
		08A401721E9661DC00A9E089 /* Build configuration list for PBXNativeTarget "YWAutoLayoutDemo" */ = {
			isa = XCConfigurationList;
			buildConfigurations = (
				08A401731E9661DC00A9E089 /* Debug */,
				08A401741E9661DC00A9E089 /* Release */,
			);
			defaultConfigurationIsVisible = 0;
		};
		08A401751E9661DC00A9E089 /* Build configuration list for PBXNativeTarget "YWAutoLayoutDemoTests" */ = {
			isa = XCConfigurationList;
			buildConfigurations = (
				08A401761E9661DC00A9E089 /* Debug */,
				08A401771E9661DC00A9E089 /* Release */,
			);
			defaultConfigurationIsVisible = 0;
		};
		08A401781E9661DC00A9E089 /* Build configuration list for PBXNativeTarget "YWAutoLayoutDemoUITests" */ = {
			isa = XCConfigurationList;
			buildConfigurations = (
				08A401791E9661DC00A9E089 /* Debug */,
				08A4017A1E9661DC00A9E089 /* Release */,
			);
			defaultConfigurationIsVisible = 0;
		};
/* End XCConfigurationList section */
	};
	rootObject = 08A4013D1E9661DC00A9E089 /* Project object */;
}
